
Microsoft Visual Studio Solution File, Format Version 12.00
# Visual Studio Version 16
VisualStudioVersion = 16.0.30804.86
MinimumVisualStudioVersion = 10.0.40219.1
Project("{FAE04EC0-301F-11D3-BF4B-00C04F79EFBC}") = "ToDoList", "ToDoList\ToDoList.csproj", "{49AB1447-DF2C-40B4-842D-2B9016B640F4}"
EndProject
Global
	GlobalSection(SolutionConfigurationPlatforms) = preSolution
		Debug|Any CPU = Debug|Any CPU
		Release|Any CPU = Release|Any CPU
	EndGlobalSection
	GlobalSection(ProjectConfigurationPlatforms) = postSolution
		{49AB1447-DF2C-40B4-842D-2B9016B640F4}.Debug|Any CPU.ActiveCfg = Debug|Any CPU
		{49AB1447-DF2C-40B4-842D-2B9016B640F4}.Debug|Any CPU.Build.0 = Debug|Any CPU
		{49AB1447-DF2C-40B4-842D-2B9016B640F4}.Release|Any CPU.ActiveCfg = Release|Any CPU
		{49AB1447-DF2C-40B4-842D-2B9016B640F4}.Release|Any CPU.Build.0 = Release|Any CPU
	EndGlobalSection
	GlobalSection(SolutionProperties) = preSolution
		HideSolutionNode = FALSE
	EndGlobalSection
	GlobalSection(ExtensibilityGlobals) = postSolution
		SolutionGuid = {D2B6F065-268A-4E79-8D81-B77A78108327}
	EndGlobalSection
EndGlobal
